
Microsoft Visual Studio Solution File, Format Version 12.00
# Visual Studio Version 17
VisualStudioVersion = 17.3.32819.101
MinimumVisualStudioVersion = 10.0.40219.1
Project("{9A19103F-16F7-4668-BE54-9A1E7A4F7556}") = "WebApp", "WebApp\WebApp.csproj", "{67E0BF09-C095-46C3-BFDD-30303351280C}"
EndProject
Project("{9A19103F-16F7-4668-BE54-9A1E7A4F7556}") = "WestWindSystem", "WestWindSystem\WestWindSystem.csproj", "{BAD8F0E0-2913-462A-8636-648639DC3939}"
EndProject
Global
	GlobalSection(SolutionConfigurationPlatforms) = preSolution
		Debug|Any CPU = Debug|Any CPU
		Release|Any CPU = Release|Any CPU
	EndGlobalSection
	GlobalSection(ProjectConfigurationPlatforms) = postSolution
		{67E0BF09-C095-46C3-BFDD-30303351280C}.Debug|Any CPU.ActiveCfg = Debug|Any CPU
		{67E0BF09-C095-46C3-BFDD-30303351280C}.Debug|Any CPU.Build.0 = Debug|Any CPU
		{67E0BF09-C095-46C3-BFDD-30303351280C}.Release|Any CPU.ActiveCfg = Release|Any CPU
		{67E0BF09-C095-46C3-BFDD-30303351280C}.Release|Any CPU.Build.0 = Release|Any CPU
		{BAD8F0E0-2913-462A-8636-648639DC3939}.Debug|Any CPU.ActiveCfg = Debug|Any CPU
		{BAD8F0E0-2913-462A-8636-648639DC3939}.Debug|Any CPU.Build.0 = Debug|Any CPU
		{BAD8F0E0-2913-462A-8636-648639DC3939}.Release|Any CPU.ActiveCfg = Release|Any CPU
		{BAD8F0E0-2913-462A-8636-648639DC3939}.Release|Any CPU.Build.0 = Release|Any CPU
	EndGlobalSection
	GlobalSection(SolutionProperties) = preSolution
		HideSolutionNode = FALSE
	EndGlobalSection
	GlobalSection(ExtensibilityGlobals) = postSolution
		SolutionGuid = {C301CEEE-4DE5-4828-B75A-581F494164CB}
	EndGlobalSection
EndGlobal
