
Microsoft Visual Studio Solution File, Format Version 12.00
# Visual Studio Version 17
VisualStudioVersion = 17.7.34221.43
MinimumVisualStudioVersion = 10.0.40219.1
Project("{9A19103F-16F7-4668-BE54-9A1E7A4F7556}") = "HogWildWebApp", "HogWildWebApp\HogWildWebApp.csproj", "{33F2A77E-36DE-4790-83BA-CD39D32AD243}"
EndProject
Project("{9A19103F-16F7-4668-BE54-9A1E7A4F7556}") = "HogWildSystem", "HogWildSystem\HogWildSystem.csproj", "{24AF9306-05C0-4A75-9A01-FE8AB92A6CEE}"
EndProject
Global
	GlobalSection(SolutionConfigurationPlatforms) = preSolution
		Debug|Any CPU = Debug|Any CPU
		Release|Any CPU = Release|Any CPU
	EndGlobalSection
	GlobalSection(ProjectConfigurationPlatforms) = postSolution
		{33F2A77E-36DE-4790-83BA-CD39D32AD243}.Debug|Any CPU.ActiveCfg = Debug|Any CPU
		{33F2A77E-36DE-4790-83BA-CD39D32AD243}.Debug|Any CPU.Build.0 = Debug|Any CPU
		{33F2A77E-36DE-4790-83BA-CD39D32AD243}.Release|Any CPU.ActiveCfg = Release|Any CPU
		{33F2A77E-36DE-4790-83BA-CD39D32AD243}.Release|Any CPU.Build.0 = Release|Any CPU
		{24AF9306-05C0-4A75-9A01-FE8AB92A6CEE}.Debug|Any CPU.ActiveCfg = Debug|Any CPU
		{24AF9306-05C0-4A75-9A01-FE8AB92A6CEE}.Debug|Any CPU.Build.0 = Debug|Any CPU
		{24AF9306-05C0-4A75-9A01-FE8AB92A6CEE}.Release|Any CPU.ActiveCfg = Release|Any CPU
		{24AF9306-05C0-4A75-9A01-FE8AB92A6CEE}.Release|Any CPU.Build.0 = Release|Any CPU
	EndGlobalSection
	GlobalSection(SolutionProperties) = preSolution
		HideSolutionNode = FALSE
	EndGlobalSection
	GlobalSection(ExtensibilityGlobals) = postSolution
		SolutionGuid = {1AED4581-AAB1-485F-91B4-61CE7B3F185C}
	EndGlobalSection
EndGlobal
